
Microsoft Visual Studio Solution File, Format Version 12.00
# Visual Studio Version 16
VisualStudioVersion = 16.0.31410.357
MinimumVisualStudioVersion = 10.0.40219.1
Project("{FAE04EC0-301F-11D3-BF4B-00C04F79EFBC}") = "TechHive", "TechHive\TechHive.csproj", "{5C5296CE-D518-4371-AB51-A2FE69303B9C}"
EndProject
Global
	GlobalSection(SolutionConfigurationPlatforms) = preSolution
		Debug|Any CPU = Debug|Any CPU
		Release|Any CPU = Release|Any CPU
	EndGlobalSection
	GlobalSection(ProjectConfigurationPlatforms) = postSolution
		{5C5296CE-D518-4371-AB51-A2FE69303B9C}.Debug|Any CPU.ActiveCfg = Debug|Any CPU
		{5C5296CE-D518-4371-AB51-A2FE69303B9C}.Debug|Any CPU.Build.0 = Debug|Any CPU
		{5C5296CE-D518-4371-AB51-A2FE69303B9C}.Release|Any CPU.ActiveCfg = Release|Any CPU
		{5C5296CE-D518-4371-AB51-A2FE69303B9C}.Release|Any CPU.Build.0 = Release|Any CPU
	EndGlobalSection
	GlobalSection(SolutionProperties) = preSolution
		HideSolutionNode = FALSE
	EndGlobalSection
	GlobalSection(ExtensibilityGlobals) = postSolution
		SolutionGuid = {59C62EA2-B0D9-4B5B-B783-8D808D8B8ADF}
	EndGlobalSection
EndGlobal
